
Microsoft Visual Studio Solution File, Format Version 12.00
# Visual Studio Version 16
VisualStudioVersion = 16.0.28922.388
MinimumVisualStudioVersion = 10.0.40219.1
Project("{FAE04EC0-301F-11D3-BF4B-00C04F79EFBC}") = "PhoneBookNew", "PhoneBookNew\PhoneBookNew.csproj", "{AB2DC851-B40C-4DAC-97F5-641E143821B2}"
EndProject
Global
	GlobalSection(SolutionConfigurationPlatforms) = preSolution
		Debug|Any CPU = Debug|Any CPU
		Release|Any CPU = Release|Any CPU
	EndGlobalSection
	GlobalSection(ProjectConfigurationPlatforms) = postSolution
		{AB2DC851-B40C-4DAC-97F5-641E143821B2}.Debug|Any CPU.ActiveCfg = Debug|Any CPU
		{AB2DC851-B40C-4DAC-97F5-641E143821B2}.Debug|Any CPU.Build.0 = Debug|Any CPU
		{AB2DC851-B40C-4DAC-97F5-641E143821B2}.Release|Any CPU.ActiveCfg = Release|Any CPU
		{AB2DC851-B40C-4DAC-97F5-641E143821B2}.Release|Any CPU.Build.0 = Release|Any CPU
	EndGlobalSection
	GlobalSection(SolutionProperties) = preSolution
		HideSolutionNode = FALSE
	EndGlobalSection
	GlobalSection(ExtensibilityGlobals) = postSolution
		SolutionGuid = {EF67C9D4-BC04-4F8F-B990-7B173AE4FFBB}
	EndGlobalSection
EndGlobal
